{
  "lockfile_version": "1",
  "packages": {
    "glibclocales@latest": {
      "last_modified": "2024-10-13T23:44:06Z",
      "resolved": "github:NixOS/nixpkgs/d4f247e89f6e10120f911e2e2d2254a050d0f732#glibcLocales",
      "source": "devbox-search",
      "version": "2.40-36",
      "systems": {
        "aarch64-linux": {
          "outputs": [
            {
              "name": "out",
              "path": "/nix/store/nscqaw8kyv5470vspm7zjacc5vmpa1mq-glibc-locales-2.40-36",
              "default": true
            }
          ],
          "store_path": "/nix/store/nscqaw8kyv5470vspm7zjacc5vmpa1mq-glibc-locales-2.40-36"
        },
        "x86_64-linux": {
          "outputs": [
            {
              "name": "out",
              "path": "/nix/store/px8cvmxycca75kfbk5w4anlnqkbip773-glibc-locales-2.40-36",
              "default": true
            }
          ],
          "store_path": "/nix/store/px8cvmxycca75kfbk5w4anlnqkbip773-glibc-locales-2.40-36"
        }
      }
    },
    "postgresql@latest": {
      "last_modified": "2024-10-26T22:05:23Z",
      "plugin_version": "0.0.2",
      "resolved": "github:NixOS/nixpkgs/86e78d3d2084ff87688da662cf78c2af085d8e73#postgresql",
      "source": "devbox-search",
      "version": "16.4",
      "systems": {
        "aarch64-darwin": {
          "outputs": [
            {
              "name": "out",
              "path": "/nix/store/6dzxj78wph840cpwslh96s4gpm0iwch2-postgresql-16.4",
              "default": true
            },
            {
              "name": "man",
              "path": "/nix/store/z1n2vh799a5icpaxbrjfqsasagb276bk-postgresql-16.4-man",
              "default": true
            },
            {
              "name": "dev",
              "path": "/nix/store/afjpl8ilq8s6j6zh4qqyy6mxz3v2xbav-postgresql-16.4-dev"
            },
            {
              "name": "doc",
              "path": "/nix/store/ry9d9by692xj92y5b9j6z0aa5y3lh3px-postgresql-16.4-doc"
            },
            {
              "name": "lib",
              "path": "/nix/store/d1im42w02x8gl2y380r4hgj8xgkkkbwc-postgresql-16.4-lib"
            }
          ],
          "store_path": "/nix/store/6dzxj78wph840cpwslh96s4gpm0iwch2-postgresql-16.4"
        },
        "aarch64-linux": {
          "outputs": [
            {
              "name": "out",
              "path": "/nix/store/37r0vmsb8xd1kv3wjd99kr59q99ja3g0-postgresql-16.4",
              "default": true
            },
            {
              "name": "man",
              "path": "/nix/store/mawnv85hv5y64csbmpgrnz88j7r8cby5-postgresql-16.4-man",
              "default": true
            },
            {
              "name": "debug",
              "path": "/nix/store/71hz4hv1n6ivymbzd0jm3a61cyj9fwh5-postgresql-16.4-debug"
            },
            {
              "name": "dev",
              "path": "/nix/store/ibhwvhq4gkdibkfrkqg9vmip9mhhrg2q-postgresql-16.4-dev"
            },
            {
              "name": "doc",
              "path": "/nix/store/rmvkab0pxjjjznk350syr3gzpa13dz1k-postgresql-16.4-doc"
            },
            {
              "name": "lib",
              "path": "/nix/store/39mnmp40qhpq2h6r3cj66s23sb5fkzr6-postgresql-16.4-lib"
            }
          ],
          "store_path": "/nix/store/37r0vmsb8xd1kv3wjd99kr59q99ja3g0-postgresql-16.4"
        },
        "x86_64-darwin": {
          "outputs": [
            {
              "name": "out",
              "path": "/nix/store/vlgydd1rakmw9j14i8dgrlhzj4pa82vi-postgresql-16.4",
              "default": true
            },
            {
              "name": "man",
              "path": "/nix/store/2wm2caki07a557z97228n2zxrd3a8j4b-postgresql-16.4-man",
              "default": true
            },
            {
              "name": "doc",
              "path": "/nix/store/r03r96a44grl85sflw6hvwwlrzr32rk9-postgresql-16.4-doc"
            },
            {
              "name": "lib",
              "path": "/nix/store/cy3q9y20jwk1vkd6jxf3mnq6xzbb9dn8-postgresql-16.4-lib"
            },
            {
              "name": "dev",
              "path": "/nix/store/96nxx00m06jl2jmvb16916l2rpwb13hk-postgresql-16.4-dev"
            }
          ],
          "store_path": "/nix/store/vlgydd1rakmw9j14i8dgrlhzj4pa82vi-postgresql-16.4"
        },
        "x86_64-linux": {
          "outputs": [
            {
              "name": "out",
              "path": "/nix/store/mjjfx6yyaaba5hmv6bga20m8fxrca93l-postgresql-16.4",
              "default": true
            },
            {
              "name": "man",
              "path": "/nix/store/b8cvsw47h2487y4j805zi0645x3ajh1i-postgresql-16.4-man",
              "default": true
            },
            {
              "name": "doc",
              "path": "/nix/store/apbxfs52v8im9725mn2f1jhgbdfggrpd-postgresql-16.4-doc"
            },
            {
              "name": "lib",
              "path": "/nix/store/32cprs7xwxvb0rw2imfrgy5vcacc27hc-postgresql-16.4-lib"
            },
            {
              "name": "debug",
              "path": "/nix/store/alcnsd7fkkr3iipvcn9gzsyv16kab6m9-postgresql-16.4-debug"
            },
            {
              "name": "dev",
              "path": "/nix/store/pqya8lq5jyplfmbmafrrwsrsi07d5ssn-postgresql-16.4-dev"
            }
          ],
          "store_path": "/nix/store/mjjfx6yyaaba5hmv6bga20m8fxrca93l-postgresql-16.4"
        }
      }
    },
    "python@3.11": {
      "last_modified": "2024-10-13T23:44:06Z",
      "plugin_version": "0.0.4",
      "resolved": "github:NixOS/nixpkgs/d4f247e89f6e10120f911e2e2d2254a050d0f732#python311",
      "source": "devbox-search",
      "version": "3.11.10",
      "systems": {
        "aarch64-darwin": {
          "outputs": [
            {
              "name": "out",
              "path": "/nix/store/nixf1pwf0irygcdk81xh4lz7zfa2k06y-python3-3.11.10",
              "default": true
            }
          ],
          "store_path": "/nix/store/nixf1pwf0irygcdk81xh4lz7zfa2k06y-python3-3.11.10"
        },
        "aarch64-linux": {
          "outputs": [
            {
              "name": "out",
              "path": "/nix/store/k5457x40win21kxxqdff2771hrpbiwfh-python3-3.11.10",
              "default": true
            },
            {
              "name": "debug",
              "path": "/nix/store/b5jmgp4kirkb1ndm13l5icval34hl75d-python3-3.11.10-debug"
            }
          ],
          "store_path": "/nix/store/k5457x40win21kxxqdff2771hrpbiwfh-python3-3.11.10"
        },
        "x86_64-darwin": {
          "outputs": [
            {
              "name": "out",
              "path": "/nix/store/fpxwlwmhwha4krcipji4f4cbq30v75jl-python3-3.11.10",
              "default": true
            }
          ],
          "store_path": "/nix/store/fpxwlwmhwha4krcipji4f4cbq30v75jl-python3-3.11.10"
        },
        "x86_64-linux": {
          "outputs": [
            {
              "name": "out",
              "path": "/nix/store/0bygl9k94j0xkxq7cmxnpqdqf8va5k7j-python3-3.11.10",
              "default": true
            },
            {
              "name": "debug",
              "path": "/nix/store/b1qysg4jpcl4vhqpa32hfvgny2zf1p88-python3-3.11.10-debug"
            }
          ],
          "store_path": "/nix/store/0bygl9k94j0xkxq7cmxnpqdqf8va5k7j-python3-3.11.10"
        }
      }
    },
    "ruff@latest": {
      "last_modified": "2024-10-26T14:05:56Z",
      "resolved": "github:NixOS/nixpkgs/4e0eec54db79d4d0909f45a88037210ff8eaffee#ruff",
      "source": "devbox-search",
      "version": "0.7.1",
      "systems": {
        "aarch64-darwin": {
          "outputs": [
            {
              "name": "bin",
              "path": "/nix/store/dyr7fx3g7hyh942w7d096p1b9s6jxmgi-python3.12-ruff-0.7.1-bin",
              "default": true
            },
            {
              "name": "out",
              "path": "/nix/store/lbpc9ry1vrf9z9l5ll3h00skgq1zcbyd-python3.12-ruff-0.7.1"
            },
            {
              "name": "dist",
              "path": "/nix/store/31rsj1fhfhbp5w23dk00i30sfnfwdj1n-python3.12-ruff-0.7.1-dist"
            }
          ],
          "store_path": "/nix/store/dyr7fx3g7hyh942w7d096p1b9s6jxmgi-python3.12-ruff-0.7.1-bin"
        },
        "aarch64-linux": {
          "outputs": [
            {
              "name": "bin",
              "path": "/nix/store/5i76yg6h5nxmsgy6j3pa1bripxisyszi-python3.12-ruff-0.7.1-bin",
              "default": true
            },
            {
              "name": "dist",
              "path": "/nix/store/578scbbgwnfqlfbiakybpqnlwknjamhp-python3.12-ruff-0.7.1-dist"
            },
            {
              "name": "out",
              "path": "/nix/store/bq5m62nm6m6pxynsn2piw278y923qdl8-python3.12-ruff-0.7.1"
            }
          ],
          "store_path": "/nix/store/5i76yg6h5nxmsgy6j3pa1bripxisyszi-python3.12-ruff-0.7.1-bin"
        },
        "x86_64-darwin": {
          "outputs": [
            {
              "name": "bin",
              "path": "/nix/store/lgnszfw2ilpnmqxiq2sm02s7a1jpxxs6-python3.12-ruff-0.7.1-bin",
              "default": true
            },
            {
              "name": "dist",
              "path": "/nix/store/hhq7j60qz1nzc1kaq807sh6kj4f6m4wr-python3.12-ruff-0.7.1-dist"
            },
            {
              "name": "out",
              "path": "/nix/store/vmw94nkj5ri3dn8z7wdzgi13qwcziaay-python3.12-ruff-0.7.1"
            }
          ],
          "store_path": "/nix/store/lgnszfw2ilpnmqxiq2sm02s7a1jpxxs6-python3.12-ruff-0.7.1-bin"
        },
        "x86_64-linux": {
          "outputs": [
            {
              "name": "bin",
              "path": "/nix/store/x9q2r2vjjqnijp9r6vcjicbsgmsswsgw-python3.12-ruff-0.7.1-bin",
              "default": true
            },
            {
              "name": "dist",
              "path": "/nix/store/k48yp6q76h88a2y0mbiyq2lvnbij97ih-python3.12-ruff-0.7.1-dist"
            },
            {
              "name": "out",
              "path": "/nix/store/dip48phirklddfv8i5sgqjb4dcila4d0-python3.12-ruff-0.7.1"
            }
          ],
          "store_path": "/nix/store/x9q2r2vjjqnijp9r6vcjicbsgmsswsgw-python3.12-ruff-0.7.1-bin"
        }
      }
    }
  }
}
